lockfileVersion: '6.0'

settings:
  autoInstallPeers: true
  excludeLinksFromLockfile: false

dependencies:
  inning-tracker:
    specifier: ^1.0.3
    version: 1.0.3

devDependencies:
  '@mskramst/pkg-tests':
    specifier: ^0.0.1
    version: 0.0.1

packages:

  /@mskramst/pkg-tests@0.0.1:
    resolution: {integrity: sha512-2/L23iyQnJBEWaP+iNHfLbCCrXEH5P90SMFLk59CAxspWhMjp2umZSfoCM6N72MCLqwFvp/dOzDOAZy56PKLYw==}
    dev: true

  /inning-tracker@1.0.3:
    resolution: {integrity: sha512-sWzdOKfI0+mPXUpCqqBYw95Yygn5UZ85r8Yf2TtxZ/fx7CVPmjdNUYlQvIz2ZDBiAcTFRckBBAGL5CS/211+Mg==}
    dev: false
